<?xml version="1.0" encoding="utf-8"?>
<Project ToolsVersion="4.0" xmlns="http://schemas.microsoft.com/developer/msbuild/2003">
  <ItemGroup>
    <ClCompile Include="MonsterFactory.cpp" />
    <ClCompile Include="Core\ResourceManager.cpp" />
    <ClCompile Include="Scene\SceneFactory.cpp" />
    <ClCompile Include="Scene\ExitPopUpScene.cpp" />
    <ClCompile Include="Goblin.cpp" />
    <ClCompile Include="Items\ItemFactory.cpp" />
    <ClCompile Include="Orc.cpp" />
    <ClCompile Include="Scene\ShopScene.cpp" />
    <ClCompile Include="Slime.cpp" />
    <ClCompile Include="Troll.cpp" />
    <ClCompile Include="Items\AttackBoost.cpp" />
    <ClCompile Include="Characters\Character.cpp" />
    <ClCompile Include="Common\common.cpp" />
    <ClCompile Include="Core\GameManager.cpp" />
    <ClCompile Include="Core\RenderSystem.cpp" />
    <ClCompile Include="GamePlay\Battle\BattleManager.cpp" />
    <ClCompile Include="Items\HealthPotioin.cpp" />
    <ClCompile Include="main.cpp" />
    <ClCompile Include="Scene\BaseScene.cpp" />
    <ClCompile Include="Scene\BattleScene.cpp" />
    <ClCompile Include="Scene\DungeonScene.cpp" />
    <ClCompile Include="Scene\TitleScene.cpp" />
    <ClCompile Include="Scene\TownScene.cpp" />
    <ClCompile Include="UI\BaseUI.cpp" />
    <ClCompile Include="UI\GameUI.cpp" />
    <ClCompile Include="UI\UIManager.cpp" />
    <ClCompile Include="Scene\ItemUsableScene.cpp" />
    <ClCompile Include="Core\ItemDataBase.cpp" />
  </ItemGroup>
  <ItemGroup>
    <ClInclude Include="DropTable.h" />
    <ClInclude Include="MonsterFactory.h" />
    <ClInclude Include="Core\ResourceManager.h" />
    <ClInclude Include="Scene\SceneFactory.h" />
    <ClInclude Include="Scene\ExitPopUpScene.h" />
    <ClInclude Include="Goblin.h" />
    <ClInclude Include="Monster.h" />
    <ClInclude Include="Orc.h" />
    <ClInclude Include="Scene\ShopScene.h" />
    <ClInclude Include="Slime.h" />
    <ClInclude Include="Troll.h" />
    <ClInclude Include="Characters\Character.h" />
    <ClInclude Include="Common\common.h" />
    <ClInclude Include="Core\GameManager.h" />
    <ClInclude Include="Core\RenderSystem.h" />
    <ClInclude Include="GamePlay\Battle\BattleManager.h" />
    <ClInclude Include="Items\AttackBoost.h" />
    <ClInclude Include="Items\HealthPotion.h" />
    <ClInclude Include="Items\Item.h" />
    <ClInclude Include="Items\ItemFactory.h" />
    <ClInclude Include="Scene\BaseScene.h" />
    <ClInclude Include="Scene\BattleScene.h" />
    <ClInclude Include="Scene\DungeonScene.h" />
    <ClInclude Include="Scene\TitleScene.h" />
    <ClInclude Include="Scene\TownScene.h" />
    <ClInclude Include="UI\BaseUI.h" />
    <ClInclude Include="UI\GameUI.h" />
    <ClInclude Include="UI\UIManager.h" />
    <ClInclude Include="Scene\ItemUsableScene.h" />
    <ClInclude Include="Core\ItemDataBase.h" />
  </ItemGroup>
</Project>